
Microsoft Visual Studio Solution File, Format Version 12.00
# Visual Studio 15
VisualStudioVersion = 15.0.28307.329
MinimumVisualStudioVersion = 10.0.40219.1
Project("{FAE04EC0-301F-11D3-BF4B-00C04F79EFBC}") = "qr", "qr\qr.csproj", "{5DBFD653-7737-4DB7-A0B8-189AB5C70B35}"
EndProject
Project("{FAE04EC0-301F-11D3-BF4B-00C04F79EFBC}") = "Core", "Core\Core.csproj", "{4E7115D5-0222-4092-8154-4BA1A631B043}"
EndProject
Project("{FAE04EC0-301F-11D3-BF4B-00C04F79EFBC}") = "Data", "Data\Data.csproj", "{8C5F2E39-B027-4263-BFAB-F863D9C9C66C}"
EndProject
Global
	GlobalSection(SolutionConfigurationPlatforms) = preSolution
		Debug|Any CPU = Debug|Any CPU
		Release|Any CPU = Release|Any CPU
	EndGlobalSection
	GlobalSection(ProjectConfigurationPlatforms) = postSolution
		{5DBFD653-7737-4DB7-A0B8-189AB5C70B35}.Debug|Any CPU.ActiveCfg = Debug|Any CPU
		{5DBFD653-7737-4DB7-A0B8-189AB5C70B35}.Debug|Any CPU.Build.0 = Debug|Any CPU
		{5DBFD653-7737-4DB7-A0B8-189AB5C70B35}.Release|Any CPU.ActiveCfg = Release|Any CPU
		{5DBFD653-7737-4DB7-A0B8-189AB5C70B35}.Release|Any CPU.Build.0 = Release|Any CPU
		{4E7115D5-0222-4092-8154-4BA1A631B043}.Debug|Any CPU.ActiveCfg = Debug|Any CPU
		{4E7115D5-0222-4092-8154-4BA1A631B043}.Debug|Any CPU.Build.0 = Debug|Any CPU
		{4E7115D5-0222-4092-8154-4BA1A631B043}.Release|Any CPU.ActiveCfg = Release|Any CPU
		{4E7115D5-0222-4092-8154-4BA1A631B043}.Release|Any CPU.Build.0 = Release|Any CPU
		{8C5F2E39-B027-4263-BFAB-F863D9C9C66C}.Debug|Any CPU.ActiveCfg = Debug|Any CPU
		{8C5F2E39-B027-4263-BFAB-F863D9C9C66C}.Debug|Any CPU.Build.0 = Debug|Any CPU
		{8C5F2E39-B027-4263-BFAB-F863D9C9C66C}.Release|Any CPU.ActiveCfg = Release|Any CPU
		{8C5F2E39-B027-4263-BFAB-F863D9C9C66C}.Release|Any CPU.Build.0 = Release|Any CPU
	EndGlobalSection
	GlobalSection(SolutionProperties) = preSolution
		HideSolutionNode = FALSE
	EndGlobalSection
	GlobalSection(ExtensibilityGlobals) = postSolution
		SolutionGuid = {E70B6BD1-F7E6-41CD-8307-028AD3A6F3FA}
	EndGlobalSection
EndGlobal
